
Microsoft Visual Studio Solution File, Format Version 12.00
# Visual Studio Version 16
VisualStudioVersion = 16.0.31624.102
MinimumVisualStudioVersion = 10.0.40219.1
Project("{FAE04EC0-301F-11D3-BF4B-00C04F79EFBC}") = "mvctrial2", "mvctrial2\mvctrial2.csproj", "{F1195826-36EE-4C57-A9D1-8B199BF49436}"
EndProject
Global
	GlobalSection(SolutionConfigurationPlatforms) = preSolution
		Debug|Any CPU = Debug|Any CPU
		Release|Any CPU = Release|Any CPU
	EndGlobalSection
	GlobalSection(ProjectConfigurationPlatforms) = postSolution
		{F1195826-36EE-4C57-A9D1-8B199BF49436}.Debug|Any CPU.ActiveCfg = Debug|Any CPU
		{F1195826-36EE-4C57-A9D1-8B199BF49436}.Debug|Any CPU.Build.0 = Debug|Any CPU
		{F1195826-36EE-4C57-A9D1-8B199BF49436}.Release|Any CPU.ActiveCfg = Release|Any CPU
		{F1195826-36EE-4C57-A9D1-8B199BF49436}.Release|Any CPU.Build.0 = Release|Any CPU
	EndGlobalSection
	GlobalSection(SolutionProperties) = preSolution
		HideSolutionNode = FALSE
	EndGlobalSection
	GlobalSection(ExtensibilityGlobals) = postSolution
		SolutionGuid = {A3508EEE-9EC6-4397-B58D-C0FF6EF6EB10}
	EndGlobalSection
EndGlobal
